// !$*UTF8*$!
{
	archiveVersion = 1;
	classes = {
	};
	objectVersion = 55;
	objects = {

/* Begin PBXBuildFile section */
		8112CB5C2886366000917014 /* ReviewTableViewController.swift in Sources */ = {isa = PBXBuildFile; fileRef = 8112CB5B2886366000917014 /* ReviewTableViewController.swift */; };
		8112CB5E2886401100917014 /* Search.storyboard in Resources */ = {isa = PBXBuildFile; fileRef = 8112CB5D2886401100917014 /* Search.storyboard */; };
		8112CB602886403A00917014 /* Trend.storyboard in Resources */ = {isa = PBXBuildFile; fileRef = 8112CB5F2886403A00917014 /* Trend.storyboard */; };
		8112CB622886408100917014 /* Intro.storyboard in Resources */ = {isa = PBXBuildFile; fileRef = 8112CB612886408100917014 /* Intro.storyboard */; };
		8112CB64288643F900917014 /* TrendViewController.swift in Sources */ = {isa = PBXBuildFile; fileRef = 8112CB63288643F900917014 /* TrendViewController.swift */; };
		8112CB662886440F00917014 /* SearchViewController.swift in Sources */ = {isa = PBXBuildFile; fileRef = 8112CB652886440F00917014 /* SearchViewController.swift */; };
		8112CB682886453000917014 /* UIViewController+Extension.swift in Sources */ = {isa = PBXBuildFile; fileRef = 8112CB672886453000917014 /* UIViewController+Extension.swift */; };
		8112CB6A2886478C00917014 /* UITextField+Extension.swift in Sources */ = {isa = PBXBuildFile; fileRef = 8112CB692886478C00917014 /* UITextField+Extension.swift */; };
		8112CB6C28864B9900917014 /* BucketlistTableViewController.swift in Sources */ = {isa = PBXBuildFile; fileRef = 8112CB6B28864B9900917014 /* BucketlistTableViewController.swift */; };
		8112CB6E28864D9800917014 /* BucketlistTableViewCell.swift in Sources */ = {isa = PBXBuildFile; fileRef = 8112CB6D28864D9800917014 /* BucketlistTableViewCell.swift */; };
		813116282886E02B0051D099 /* SearchTableViewCell.swift in Sources */ = {isa = PBXBuildFile; fileRef = 813116272886E02B0051D099 /* SearchTableViewCell.swift */; };
		8131162A2886E4390051D099 /* SearchTableViewController.swift in Sources */ = {isa = PBXBuildFile; fileRef = 813116292886E4390051D099 /* SearchTableViewController.swift */; };
		81C1743E2884DDBA005D18D7 /* AppDelegate.swift in Sources */ = {isa = PBXBuildFile; fileRef = 81C1743D2884DDBA005D18D7 /* AppDelegate.swift */; };
		81C174402884DDBA005D18D7 /* SceneDelegate.swift in Sources */ = {isa = PBXBuildFile; fileRef = 81C1743F2884DDBA005D18D7 /* SceneDelegate.swift */; };
		81C174422884DDBA005D18D7 /* ViewController.swift in Sources */ = {isa = PBXBuildFile; fileRef = 81C174412884DDBA005D18D7 /* ViewController.swift */; };
		81C174452884DDBA005D18D7 /* Main.storyboard in Resources */ = {isa = PBXBuildFile; fileRef = 81C174432884DDBA005D18D7 /* Main.storyboard */; };
		81C174472884DDBC005D18D7 /* Assets.xcassets in Resources */ = {isa = PBXBuildFile; fileRef = 81C174462884DDBC005D18D7 /* Assets.xcassets */; };
		81C1744A2884DDBC005D18D7 /* LaunchScreen.storyboard in Resources */ = {isa = PBXBuildFile; fileRef = 81C174482884DDBC005D18D7 /* LaunchScreen.storyboard */; };
		81C174532884DE77005D18D7 /* Storyboard.storyboard in Resources */ = {isa = PBXBuildFile; fileRef = 81C174522884DE77005D18D7 /* Storyboard.storyboard */; };
		81C174552884DE9F005D18D7 /* DatePickerViewController.swift in Sources */ = {isa = PBXBuildFile; fileRef = 81C174542884DE9F005D18D7 /* DatePickerViewController.swift */; };
		81C174572884F110005D18D7 /* Home.storyboard in Resources */ = {isa = PBXBuildFile; fileRef = 81C174562884F110005D18D7 /* Home.storyboard */; };
		81C174592884FE3C005D18D7 /* HomeTableViewController.swift in Sources */ = {isa = PBXBuildFile; fileRef = 81C174582884FE3C005D18D7 /* HomeTableViewController.swift */; };
		81C1745B28852714005D18D7 /* Setting.storyboard in Resources */ = {isa = PBXBuildFile; fileRef = 81C1745A28852714005D18D7 /* Setting.storyboard */; };
		81C1745D2885279A005D18D7 /* SettingTableViewController.swift in Sources */ = {isa = PBXBuildFile; fileRef = 81C1745C2885279A005D18D7 /* SettingTableViewController.swift */; };
		81C1746028853378005D18D7 /* AttensionModeTableViewController.swift in Sources */ = {isa = PBXBuildFile; fileRef = 81C1745F28853378005D18D7 /* AttensionModeTableViewController.swift */; };
		81CF22DF28867B50009602F7 /* Shopping.storyboard in Resources */ = {isa = PBXBuildFile; fileRef = 81CF22DE28867B50009602F7 /* Shopping.storyboard */; };
		81CF22E128867B68009602F7 /* ShoppingTableViewController.swift in Sources */ = {isa = PBXBuildFile; fileRef = 81CF22E028867B68009602F7 /* ShoppingTableViewController.swift */; };
		81CF22E328867B7C009602F7 /* ShoppingTableViewCell.swift in Sources */ = {isa = PBXBuildFile; fileRef = 81CF22E228867B7C009602F7 /* ShoppingTableViewCell.swift */; };
/* End PBXBuildFile section */

/* Begin PBXFileReference section */
		8112CB5B2886366000917014 /* ReviewTableViewController.swift */ = {isa = PBXFileReference; lastKnownFileType = sourcecode.swift; path = ReviewTableViewController.swift; sourceTree = "<group>"; };
		8112CB5D2886401100917014 /* Search.storyboard */ = {isa = PBXFileReference; lastKnownFileType = file.storyboard; path = Search.storyboard; sourceTree = "<group>"; };
		8112CB5F2886403A00917014 /* Trend.storyboard */ = {isa = PBXFileReference; lastKnownFileType = file.storyboard; path = Trend.storyboard; sourceTree = "<group>"; };
		8112CB612886408100917014 /* Intro.storyboard */ = {isa = PBXFileReference; lastKnownFileType = file.storyboard; path = Intro.storyboard; sourceTree = "<group>"; };
		8112CB63288643F900917014 /* TrendViewController.swift */ = {isa = PBXFileReference; lastKnownFileType = sourcecode.swift; path = TrendViewController.swift; sourceTree = "<group>"; };
		8112CB652886440F00917014 /* SearchViewController.swift */ = {isa = PBXFileReference; lastKnownFileType = sourcecode.swift; path = SearchViewController.swift; sourceTree = "<group>"; };
		8112CB672886453000917014 /* UIViewController+Extension.swift */ = {isa = PBXFileReference; lastKnownFileType = sourcecode.swift; path = "UIViewController+Extension.swift"; sourceTree = "<group>"; };
		8112CB692886478C00917014 /* UITextField+Extension.swift */ = {isa = PBXFileReference; lastKnownFileType = sourcecode.swift; path = "UITextField+Extension.swift"; sourceTree = "<group>"; };
		8112CB6B28864B9900917014 /* BucketlistTableViewController.swift */ = {isa = PBXFileReference; lastKnownFileType = sourcecode.swift; path = BucketlistTableViewController.swift; sourceTree = "<group>"; };
		8112CB6D28864D9800917014 /* BucketlistTableViewCell.swift */ = {isa = PBXFileReference; lastKnownFileType = sourcecode.swift; path = BucketlistTableViewCell.swift; sourceTree = "<group>"; };
		813116272886E02B0051D099 /* SearchTableViewCell.swift */ = {isa = PBXFileReference; lastKnownFileType = sourcecode.swift; path = SearchTableViewCell.swift; sourceTree = "<group>"; };
		813116292886E4390051D099 /* SearchTableViewController.swift */ = {isa = PBXFileReference; lastKnownFileType = sourcecode.swift; path = SearchTableViewController.swift; sourceTree = "<group>"; };
		81C1743A2884DDBA005D18D7 /* TrendMedia.app */ = {isa = PBXFileReference; explicitFileType = wrapper.application; includeInIndex = 0; path = TrendMedia.app; sourceTree = BUILT_PRODUCTS_DIR; };
		81C1743D2884DDBA005D18D7 /* AppDelegate.swift */ = {isa = PBXFileReference; lastKnownFileType = sourcecode.swift; path = AppDelegate.swift; sourceTree = "<group>"; };
		81C1743F2884DDBA005D18D7 /* SceneDelegate.swift */ = {isa = PBXFileReference; lastKnownFileType = sourcecode.swift; path = SceneDelegate.swift; sourceTree = "<group>"; };
		81C174412884DDBA005D18D7 /* ViewController.swift */ = {isa = PBXFileReference; lastKnownFileType = sourcecode.swift; path = ViewController.swift; sourceTree = "<group>"; };
		81C174442884DDBA005D18D7 /* Base */ = {isa = PBXFileReference; lastKnownFileType = file.storyboard; name = Base; path = Base.lproj/Main.storyboard; sourceTree = "<group>"; };
		81C174462884DDBC005D18D7 /* Assets.xcassets */ = {isa = PBXFileReference; lastKnownFileType = folder.assetcatalog; path = Assets.xcassets; sourceTree = "<group>"; };
		81C174492884DDBC005D18D7 /* Base */ = {isa = PBXFileReference; lastKnownFileType = file.storyboard; name = Base; path = Base.lproj/LaunchScreen.storyboard; sourceTree = "<group>"; };
		81C1744B2884DDBC005D18D7 /* Info.plist */ = {isa = PBXFileReference; lastKnownFileType = text.plist.xml; path = Info.plist; sourceTree = "<group>"; };
		81C174522884DE77005D18D7 /* Storyboard.storyboard */ = {isa = PBXFileReference; lastKnownFileType = file.storyboard; path = Storyboard.storyboard; sourceTree = "<group>"; };
		81C174542884DE9F005D18D7 /* DatePickerViewController.swift */ = {isa = PBXFileReference; lastKnownFileType = sourcecode.swift; path = DatePickerViewController.swift; sourceTree = "<group>"; };
		81C174562884F110005D18D7 /* Home.storyboard */ = {isa = PBXFileReference; lastKnownFileType = file.storyboard; path = Home.storyboard; sourceTree = "<group>"; };
		81C174582884FE3C005D18D7 /* HomeTableViewController.swift */ = {isa = PBXFileReference; lastKnownFileType = sourcecode.swift; path = HomeTableViewController.swift; sourceTree = "<group>"; };
		81C1745A28852714005D18D7 /* Setting.storyboard */ = {isa = PBXFileReference; lastKnownFileType = file.storyboard; path = Setting.storyboard; sourceTree = "<group>"; };
		81C1745C2885279A005D18D7 /* SettingTableViewController.swift */ = {isa = PBXFileReference; lastKnownFileType = sourcecode.swift; path = SettingTableViewController.swift; sourceTree = "<group>"; };
		81C1745F28853378005D18D7 /* AttensionModeTableViewController.swift */ = {isa = PBXFileReference; lastKnownFileType = sourcecode.swift; path = AttensionModeTableViewController.swift; sourceTree = "<group>"; };
		81CF22DE28867B50009602F7 /* Shopping.storyboard */ = {isa = PBXFileReference; lastKnownFileType = file.storyboard; path = Shopping.storyboard; sourceTree = "<group>"; };
		81CF22E028867B68009602F7 /* ShoppingTableViewController.swift */ = {isa = PBXFileReference; lastKnownFileType = sourcecode.swift; path = ShoppingTableViewController.swift; sourceTree = "<group>"; };
		81CF22E228867B7C009602F7 /* ShoppingTableViewCell.swift */ = {isa = PBXFileReference; lastKnownFileType = sourcecode.swift; path = ShoppingTableViewCell.swift; sourceTree = "<group>"; };
/* End PBXFileReference section */

/* Begin PBXFrameworksBuildPhase section */
		81C174372884DDBA005D18D7 /* Frameworks */ = {
			isa = PBXFrameworksBuildPhase;
			buildActionMask = 2147483647;
			files = (
			);
			runOnlyForDeploymentPostprocessing = 0;
		};
/* End PBXFrameworksBuildPhase section */

/* Begin PBXGroup section */
		81C174312884DDBA005D18D7 = {
			isa = PBXGroup;
			children = (
				81CF22DD28867B2A009602F7 /* ShoppingList */,
				81C174512884DE6B005D18D7 /* pra */,
				81C1743C2884DDBA005D18D7 /* TrendMedia */,
				81C1743B2884DDBA005D18D7 /* Products */,
			);
			sourceTree = "<group>";
		};
		81C1743B2884DDBA005D18D7 /* Products */ = {
			isa = PBXGroup;
			children = (
				81C1743A2884DDBA005D18D7 /* TrendMedia.app */,
			);
			name = Products;
			sourceTree = "<group>";
		};
		81C1743C2884DDBA005D18D7 /* TrendMedia */ = {
			isa = PBXGroup;
			children = (
				81C1743D2884DDBA005D18D7 /* AppDelegate.swift */,
				81C1743F2884DDBA005D18D7 /* SceneDelegate.swift */,
				81C174412884DDBA005D18D7 /* ViewController.swift */,
				8112CB672886453000917014 /* UIViewController+Extension.swift */,
				8112CB692886478C00917014 /* UITextField+Extension.swift */,
				81C174432884DDBA005D18D7 /* Main.storyboard */,
				81C174562884F110005D18D7 /* Home.storyboard */,
				81C174582884FE3C005D18D7 /* HomeTableViewController.swift */,
				8112CB5D2886401100917014 /* Search.storyboard */,
				813116292886E4390051D099 /* SearchTableViewController.swift */,
				813116272886E02B0051D099 /* SearchTableViewCell.swift */,
				8112CB652886440F00917014 /* SearchViewController.swift */,
				8112CB5F2886403A00917014 /* Trend.storyboard */,
				8112CB63288643F900917014 /* TrendViewController.swift */,
				8112CB6D28864D9800917014 /* BucketlistTableViewCell.swift */,
				8112CB6B28864B9900917014 /* BucketlistTableViewController.swift */,
				8112CB612886408100917014 /* Intro.storyboard */,
				81C1745E288527A3005D18D7 /* Practice */,
				81C174462884DDBC005D18D7 /* Assets.xcassets */,
				81C174482884DDBC005D18D7 /* LaunchScreen.storyboard */,
				81C1744B2884DDBC005D18D7 /* Info.plist */,
			);
			path = TrendMedia;
			sourceTree = "<group>";
		};
		81C174512884DE6B005D18D7 /* pra */ = {
			isa = PBXGroup;
			children = (
				81C174522884DE77005D18D7 /* Storyboard.storyboard */,
				81C174542884DE9F005D18D7 /* DatePickerViewController.swift */,
			);
			path = pra;
			sourceTree = "<group>";
		};
		81C1745E288527A3005D18D7 /* Practice */ = {
			isa = PBXGroup;
			children = (
				81C1745A28852714005D18D7 /* Setting.storyboard */,
				81C1745F28853378005D18D7 /* AttensionModeTableViewController.swift */,
				81C1745C2885279A005D18D7 /* SettingTableViewController.swift */,
				8112CB5B2886366000917014 /* ReviewTableViewController.swift */,
			);
			path = Practice;
			sourceTree = "<group>";
		};
		81CF22DD28867B2A009602F7 /* ShoppingList */ = {
			isa = PBXGroup;
			children = (
				81CF22DE28867B50009602F7 /* Shopping.storyboard */,
				81CF22E028867B68009602F7 /* ShoppingTableViewController.swift */,
				81CF22E228867B7C009602F7 /* ShoppingTableViewCell.swift */,
			);
			path = ShoppingList;
			sourceTree = "<group>";
		};
/* End PBXGroup section */

/* Begin PBXNativeTarget section */
		81C174392884DDBA005D18D7 /* TrendMedia */ = {
			isa = PBXNativeTarget;
			buildConfigurationList = 81C1744E2884DDBC005D18D7 /* Build configuration list for PBXNativeTarget "TrendMedia" */;
			buildPhases = (
				81C174362884DDBA005D18D7 /* Sources */,
				81C174372884DDBA005D18D7 /* Frameworks */,
				81C174382884DDBA005D18D7 /* Resources */,
			);
			buildRules = (
			);
			dependencies = (
			);
			name = TrendMedia;
			productName = TrendMedia;
			productReference = 81C1743A2884DDBA005D18D7 /* TrendMedia.app */;
			productType = "com.apple.product-type.application";
		};
/* End PBXNativeTarget section */

/* Begin PBXProject section */
		81C174322884DDBA005D18D7 /* Project object */ = {
			isa = PBXProject;
			attributes = {
				BuildIndependentTargetsInParallel = 1;
				LastSwiftUpdateCheck = 1340;
				LastUpgradeCheck = 1340;
				TargetAttributes = {
					81C174392884DDBA005D18D7 = {
						CreatedOnToolsVersion = 13.4.1;
					};
				};
			};
			buildConfigurationList = 81C174352884DDBA005D18D7 /* Build configuration list for PBXProject "TrendMedia" */;
			compatibilityVersion = "Xcode 13.0";
			developmentRegion = en;
			hasScannedForEncodings = 0;
			knownRegions = (
				en,
				Base,
			);
			mainGroup = 81C174312884DDBA005D18D7;
			productRefGroup = 81C1743B2884DDBA005D18D7 /* Products */;
			projectDirPath = "";
			projectRoot = "";
			targets = (
				81C174392884DDBA005D18D7 /* TrendMedia */,
			);
		};
/* End PBXProject section */

/* Begin PBXResourcesBuildPhase section */
		81C174382884DDBA005D18D7 /* Resources */ = {
			isa = PBXResourcesBuildPhase;
			buildActionMask = 2147483647;
			files = (
				81C1744A2884DDBC005D18D7 /* LaunchScreen.storyboard in Resources */,
				81C174572884F110005D18D7 /* Home.storyboard in Resources */,
				8112CB622886408100917014 /* Intro.storyboard in Resources */,
				81C174532884DE77005D18D7 /* Storyboard.storyboard in Resources */,
				81C174472884DDBC005D18D7 /* Assets.xcassets in Resources */,
				8112CB602886403A00917014 /* Trend.storyboard in Resources */,
				8112CB5E2886401100917014 /* Search.storyboard in Resources */,
				81C174452884DDBA005D18D7 /* Main.storyboard in Resources */,
				81CF22DF28867B50009602F7 /* Shopping.storyboard in Resources */,
				81C1745B28852714005D18D7 /* Setting.storyboard in Resources */,
			);
			runOnlyForDeploymentPostprocessing = 0;
		};
/* End PBXResourcesBuildPhase section */

/* Begin PBXSourcesBuildPhase section */
		81C174362884DDBA005D18D7 /* Sources */ = {
			isa = PBXSourcesBuildPhase;
			buildActionMask = 2147483647;
			files = (
				8112CB662886440F00917014 /* SearchViewController.swift in Sources */,
				8131162A2886E4390051D099 /* SearchTableViewController.swift in Sources */,
				81CF22E328867B7C009602F7 /* ShoppingTableViewCell.swift in Sources */,
				8112CB6E28864D9800917014 /* BucketlistTableViewCell.swift in Sources */,
				8112CB682886453000917014 /* UIViewController+Extension.swift in Sources */,
				81C1745D2885279A005D18D7 /* SettingTableViewController.swift in Sources */,
				8112CB64288643F900917014 /* TrendViewController.swift in Sources */,
				81C1746028853378005D18D7 /* AttensionModeTableViewController.swift in Sources */,
				81C174552884DE9F005D18D7 /* DatePickerViewController.swift in Sources */,
				8112CB5C2886366000917014 /* ReviewTableViewController.swift in Sources */,
				81C174422884DDBA005D18D7 /* ViewController.swift in Sources */,
				8112CB6C28864B9900917014 /* BucketlistTableViewController.swift in Sources */,
				813116282886E02B0051D099 /* SearchTableViewCell.swift in Sources */,
				81C1743E2884DDBA005D18D7 /* AppDelegate.swift in Sources */,
				8112CB6A2886478C00917014 /* UITextField+Extension.swift in Sources */,
				81C174402884DDBA005D18D7 /* SceneDelegate.swift in Sources */,
				81CF22E128867B68009602F7 /* ShoppingTableViewController.swift in Sources */,
				81C174592884FE3C005D18D7 /* HomeTableViewController.swift in Sources */,
			);
			runOnlyForDeploymentPostprocessing = 0;
		};
/* End PBXSourcesBuildPhase section */

/* Begin PBXVariantGroup section */
		81C174432884DDBA005D18D7 /* Main.storyboard */ = {
			isa = PBXVariantGroup;
			children = (
				81C174442884DDBA005D18D7 /* Base */,
			);
			name = Main.storyboard;
			sourceTree = "<group>";
		};
		81C174482884DDBC005D18D7 /* LaunchScreen.storyboard */ = {
			isa = PBXVariantGroup;
			children = (
				81C174492884DDBC005D18D7 /* Base */,
			);
			name = LaunchScreen.storyboard;
			sourceTree = "<group>";
		};
/* End PBXVariantGroup section */

/* Begin XCBuildConfiguration section */
		81C1744C2884DDBC005D18D7 /* Debug */ = {
			isa = XCBuildConfiguration;
			buildSettings = {
				ALWAYS_SEARCH_USER_PATHS = NO;
				CLANG_ANALYZER_NONNULL = YES;
				CLANG_ANALYZER_NUMBER_OBJECT_CONVERSION = YES_AGGRESSIVE;
				CLANG_CXX_LANGUAGE_STANDARD = "gnu++17";
				CLANG_ENABLE_MODULES = YES;
				CLANG_ENABLE_OBJC_ARC = YES;
				CLANG_ENABLE_OBJC_WEAK = YES;
				CLANG_WARN_BLOCK_CAPTURE_AUTORELEASING = YES;
				CLANG_WARN_BOOL_CONVERSION = YES;
				CLANG_WARN_COMMA = YES;
				CLANG_WARN_CONSTANT_CONVERSION = YES;
				CLANG_WARN_DEPRECATED_OBJC_IMPLEMENTATIONS = YES;
				CLANG_WARN_DIRECT_OBJC_ISA_USAGE = YES_ERROR;
				CLANG_WARN_DOCUMENTATION_COMMENTS = YES;
				CLANG_WARN_EMPTY_BODY = YES;
				CLANG_WARN_ENUM_CONVERSION = YES;
				CLANG_WARN_INFINITE_RECURSION = YES;
				CLANG_WARN_INT_CONVERSION = YES;
				CLANG_WARN_NON_LITERAL_NULL_CONVERSION = YES;
				CLANG_WARN_OBJC_IMPLICIT_RETAIN_SELF = YES;
				CLANG_WARN_OBJC_LITERAL_CONVERSION = YES;
				CLANG_WARN_OBJC_ROOT_CLASS = YES_ERROR;
				CLANG_WARN_QUOTED_INCLUDE_IN_FRAMEWORK_HEADER = YES;
				CLANG_WARN_RANGE_LOOP_ANALYSIS = YES;
				CLANG_WARN_STRICT_PROTOTYPES = YES;
				CLANG_WARN_SUSPICIOUS_MOVE = YES;
				CLANG_WARN_UNGUARDED_AVAILABILITY = YES_AGGRESSIVE;
				CLANG_WARN_UNREACHABLE_CODE = YES;
				CLANG_WARN__DUPLICATE_METHOD_MATCH = YES;
				COPY_PHASE_STRIP = NO;
				DEBUG_INFORMATION_FORMAT = dwarf;
				ENABLE_STRICT_OBJC_MSGSEND = YES;
				ENABLE_TESTABILITY = YES;
				GCC_C_LANGUAGE_STANDARD = gnu11;
				GCC_DYNAMIC_NO_PIC = NO;
				GCC_NO_COMMON_BLOCKS = YES;
				GCC_OPTIMIZATION_LEVEL = 0;
				GCC_PREPROCESSOR_DEFINITIONS = (
					"DEBUG=1",
					"$(inherited)",
				);
				GCC_WARN_64_TO_32_BIT_CONVERSION = YES;
				GCC_WARN_ABOUT_RETURN_TYPE = YES_ERROR;
				GCC_WARN_UNDECLARED_SELECTOR = YES;
				GCC_WARN_UNINITIALIZED_AUTOS = YES_AGGRESSIVE;
				GCC_WARN_UNUSED_FUNCTION = YES;
				GCC_WARN_UNUSED_VARIABLE = YES;
				IPHONEOS_DEPLOYMENT_TARGET = 15.5;
				MTL_ENABLE_DEBUG_INFO = INCLUDE_SOURCE;
				MTL_FAST_MATH = YES;
				ONLY_ACTIVE_ARCH = YES;
				SDKROOT = iphoneos;
				SWIFT_ACTIVE_COMPILATION_CONDITIONS = DEBUG;
				SWIFT_OPTIMIZATION_LEVEL = "-Onone";
			};
			name = Debug;
		};
		81C1744D2884DDBC005D18D7 /* Release */ = {
			isa = XCBuildConfiguration;
			buildSettings = {
				ALWAYS_SEARCH_USER_PATHS = NO;
				CLANG_ANALYZER_NONNULL = YES;
				CLANG_ANALYZER_NUMBER_OBJECT_CONVERSION = YES_AGGRESSIVE;
				CLANG_CXX_LANGUAGE_STANDARD = "gnu++17";
				CLANG_ENABLE_MODULES = YES;
				CLANG_ENABLE_OBJC_ARC = YES;
				CLANG_ENABLE_OBJC_WEAK = YES;
				CLANG_WARN_BLOCK_CAPTURE_AUTORELEASING = YES;
				CLANG_WARN_BOOL_CONVERSION = YES;
				CLANG_WARN_COMMA = YES;
				CLANG_WARN_CONSTANT_CONVERSION = YES;
				CLANG_WARN_DEPRECATED_OBJC_IMPLEMENTATIONS = YES;
				CLANG_WARN_DIRECT_OBJC_ISA_USAGE = YES_ERROR;
				CLANG_WARN_DOCUMENTATION_COMMENTS = YES;
				CLANG_WARN_EMPTY_BODY = YES;
				CLANG_WARN_ENUM_CONVERSION = YES;
				CLANG_WARN_INFINITE_RECURSION = YES;
				CLANG_WARN_INT_CONVERSION = YES;
				CLANG_WARN_NON_LITERAL_NULL_CONVERSION = YES;
				CLANG_WARN_OBJC_IMPLICIT_RETAIN_SELF = YES;
				CLANG_WARN_OBJC_LITERAL_CONVERSION = YES;
				CLANG_WARN_OBJC_ROOT_CLASS = YES_ERROR;
				CLANG_WARN_QUOTED_INCLUDE_IN_FRAMEWORK_HEADER = YES;
				CLANG_WARN_RANGE_LOOP_ANALYSIS = YES;
				CLANG_WARN_STRICT_PROTOTYPES = YES;
				CLANG_WARN_SUSPICIOUS_MOVE = YES;
				CLANG_WARN_UNGUARDED_AVAILABILITY = YES_AGGRESSIVE;
				CLANG_WARN_UNREACHABLE_CODE = YES;
				CLANG_WARN__DUPLICATE_METHOD_MATCH = YES;
				COPY_PHASE_STRIP = NO;
				DEBUG_INFORMATION_FORMAT = "dwarf-with-dsym";
				ENABLE_NS_ASSERTIONS = NO;
				ENABLE_STRICT_OBJC_MSGSEND = YES;
				GCC_C_LANGUAGE_STANDARD = gnu11;
				GCC_NO_COMMON_BLOCKS = YES;
				GCC_WARN_64_TO_32_BIT_CONVERSION = YES;
				GCC_WARN_ABOUT_RETURN_TYPE = YES_ERROR;
				GCC_WARN_UNDECLARED_SELECTOR = YES;
				GCC_WARN_UNINITIALIZED_AUTOS = YES_AGGRESSIVE;
				GCC_WARN_UNUSED_FUNCTION = YES;
				GCC_WARN_UNUSED_VARIABLE = YES;
				IPHONEOS_DEPLOYMENT_TARGET = 15.5;
				MTL_ENABLE_DEBUG_INFO = NO;
				MTL_FAST_MATH = YES;
				SDKROOT = iphoneos;
				SWIFT_COMPILATION_MODE = wholemodule;
				SWIFT_OPTIMIZATION_LEVEL = "-O";
				VALIDATE_PRODUCT = YES;
			};
			name = Release;
		};
		81C1744F2884DDBC005D18D7 /* Debug */ = {
			isa = XCBuildConfiguration;
			buildSettings = {
				ASSETCATALOG_COMPILER_APPICON_NAME = AppIcon;
				ASSETCATALOG_COMPILER_GLOBAL_ACCENT_COLOR_NAME = AccentColor;
				CODE_SIGN_STYLE = Automatic;
				CURRENT_PROJECT_VERSION = 1;
				DEVELOPMENT_TEAM = D6A93QYKAF;
				GENERATE_INFOPLIST_FILE = YES;
				INFOPLIST_FILE = TrendMedia/Info.plist;
				INFOPLIST_KEY_UIApplicationSupportsIndirectInputEvents = YES;
				INFOPLIST_KEY_UILaunchStoryboardName = LaunchScreen;
				INFOPLIST_KEY_UIMainStoryboardFile = Main;
				INFOPLIST_KEY_UISupportedInterfaceOrientations_iPad = "UIInterfaceOrientationPortrait UIInterfaceOrientationPortraitUpsideDown UIInterfaceOrientationLandscapeLeft UIInterfaceOrientationLandscapeRight";
				INFOPLIST_KEY_UISupportedInterfaceOrientations_iPhone = "UIInterfaceOrientationPortrait UIInterfaceOrientationLandscapeLeft UIInterfaceOrientationLandscapeRight";
				LD_RUNPATH_SEARCH_PATHS = (
					"$(inherited)",
					"@executable_path/Frameworks",
				);
				MARKETING_VERSION = 1.0;
				PRODUCT_BUNDLE_IDENTIFIER = com.daniel.TrendMedia;
				PRODUCT_NAME = "$(TARGET_NAME)";
				SWIFT_EMIT_LOC_STRINGS = YES;
				SWIFT_VERSION = 5.0;
				TARGETED_DEVICE_FAMILY = "1,2";
			};
			name = Debug;
		};
		81C174502884DDBC005D18D7 /* Release */ = {
			isa = XCBuildConfiguration;
			buildSettings = {
				ASSETCATALOG_COMPILER_APPICON_NAME = AppIcon;
				ASSETCATALOG_COMPILER_GLOBAL_ACCENT_COLOR_NAME = AccentColor;
				CODE_SIGN_STYLE = Automatic;
				CURRENT_PROJECT_VERSION = 1;
				DEVELOPMENT_TEAM = D6A93QYKAF;
				GENERATE_INFOPLIST_FILE = YES;
				INFOPLIST_FILE = TrendMedia/Info.plist;
				INFOPLIST_KEY_UIApplicationSupportsIndirectInputEvents = YES;
				INFOPLIST_KEY_UILaunchStoryboardName = LaunchScreen;
				INFOPLIST_KEY_UIMainStoryboardFile = Main;
				INFOPLIST_KEY_UISupportedInterfaceOrientations_iPad = "UIInterfaceOrientationPortrait UIInterfaceOrientationPortraitUpsideDown UIInterfaceOrientationLandscapeLeft UIInterfaceOrientationLandscapeRight";
				INFOPLIST_KEY_UISupportedInterfaceOrientations_iPhone = "UIInterfaceOrientationPortrait UIInterfaceOrientationLandscapeLeft UIInterfaceOrientationLandscapeRight";
				LD_RUNPATH_SEARCH_PATHS = (
					"$(inherited)",
					"@executable_path/Frameworks",
				);
				MARKETING_VERSION = 1.0;
				PRODUCT_BUNDLE_IDENTIFIER = com.daniel.TrendMedia;
				PRODUCT_NAME = "$(TARGET_NAME)";
				SWIFT_EMIT_LOC_STRINGS = YES;
				SWIFT_VERSION = 5.0;
				TARGETED_DEVICE_FAMILY = "1,2";
			};
			name = Release;
		};
/* End XCBuildConfiguration section */

/* Begin XCConfigurationList section */
		81C174352884DDBA005D18D7 /* Build configuration list for PBXProject "TrendMedia" */ = {
			isa = XCConfigurationList;
			buildConfigurations = (
				81C1744C2884DDBC005D18D7 /* Debug */,
				81C1744D2884DDBC005D18D7 /* Release */,
			);
			defaultConfigurationIsVisible = 0;
			defaultConfigurationName = Release;
		};
		81C1744E2884DDBC005D18D7 /* Build configuration list for PBXNativeTarget "TrendMedia" */ = {
			isa = XCConfigurationList;
			buildConfigurations = (
				81C1744F2884DDBC005D18D7 /* Debug */,
				81C174502884DDBC005D18D7 /* Release */,
			);
			defaultConfigurationIsVisible = 0;
			defaultConfigurationName = Release;
		};
/* End XCConfigurationList section */
	};
	rootObject = 81C174322884DDBA005D18D7 /* Project object */;
}
